// !$*UTF8*$!
{
	archiveVersion = 1;
	classes = {
	};
	objectVersion = 46;
	objects = {

/* Begin PBXBuildFile section */
		7CE315C714B3558EDC7DF942 /* Pods_instagram.framework in Frameworks */ = {isa = PBXBuildFile; fileRef = E79B3EC325C0B9B25183E4DB /* Pods_instagram.framework */; };
		DE9971B11E710FDC0073B655 /* AppDelegate.swift in Sources */ = {isa = PBXBuildFile; fileRef = DE9971B01E710FDC0073B655 /* AppDelegate.swift */; };
		DE9971B61E710FDC0073B655 /* Main.storyboard in Resources */ = {isa = PBXBuildFile; fileRef = DE9971B41E710FDC0073B655 /* Main.storyboard */; };
		DE9971B91E710FDC0073B655 /* instagram.xcdatamodeld in Sources */ = {isa = PBXBuildFile; fileRef = DE9971B71E710FDC0073B655 /* instagram.xcdatamodeld */; };
		DE9971BB1E710FDC0073B655 /* Assets.xcassets in Resources */ = {isa = PBXBuildFile; fileRef = DE9971BA1E710FDC0073B655 /* Assets.xcassets */; };
		DE9971BE1E710FDC0073B655 /* LaunchScreen.storyboard in Resources */ = {isa = PBXBuildFile; fileRef = DE9971BC1E710FDC0073B655 /* LaunchScreen.storyboard */; };
		DE9971CD1E71146F0073B655 /* constants.swift in Sources */ = {isa = PBXBuildFile; fileRef = DE9971CC1E71146F0073B655 /* constants.swift */; };
		DE9971CF1E7121FC0073B655 /* MainPageViewController.swift in Sources */ = {isa = PBXBuildFile; fileRef = DE9971CE1E7121FC0073B655 /* MainPageViewController.swift */; };
		DE9971D11E71284B0073B655 /* PhotoViewController.swift in Sources */ = {isa = PBXBuildFile; fileRef = DE9971D01E71284B0073B655 /* PhotoViewController.swift */; };
		DE9971D31E7128670073B655 /* FriendSearchViewController.swift in Sources */ = {isa = PBXBuildFile; fileRef = DE9971D21E7128670073B655 /* FriendSearchViewController.swift */; };
		DE9971D61E71353C0073B655 /* PhotoTakingHelper.swift in Sources */ = {isa = PBXBuildFile; fileRef = DE9971D51E71353C0073B655 /* PhotoTakingHelper.swift */; };
		DE9971D81E721D1C0073B655 /* POST.swift in Sources */ = {isa = PBXBuildFile; fileRef = DE9971D71E721D1C0073B655 /* POST.swift */; };
/* End PBXBuildFile section */

/* Begin PBXFileReference section */
		CC0C41525577BF767DA83D1D /* Pods-instagram.debug.xcconfig */ = {isa = PBXFileReference; includeInIndex = 1; lastKnownFileType = text.xcconfig; name = "Pods-instagram.debug.xcconfig"; path = "Pods/Target Support Files/Pods-instagram/Pods-instagram.debug.xcconfig"; sourceTree = "<group>"; };
		CF890472B77A6625E5EE77AF /* Pods-instagram.release.xcconfig */ = {isa = PBXFileReference; includeInIndex = 1; lastKnownFileType = text.xcconfig; name = "Pods-instagram.release.xcconfig"; path = "Pods/Target Support Files/Pods-instagram/Pods-instagram.release.xcconfig"; sourceTree = "<group>"; };
		DE9971AD1E710FDC0073B655 /* instagram.app */ = {isa = PBXFileReference; explicitFileType = wrapper.application; includeInIndex = 0; path = instagram.app; sourceTree = BUILT_PRODUCTS_DIR; };
		DE9971B01E710FDC0073B655 /* AppDelegate.swift */ = {isa = PBXFileReference; lastKnownFileType = sourcecode.swift; path = AppDelegate.swift; sourceTree = "<group>"; };
		DE9971B51E710FDC0073B655 /* Base */ = {isa = PBXFileReference; lastKnownFileType = file.storyboard; name = Base; path = Base.lproj/Main.storyboard; sourceTree = "<group>"; };
		DE9971B81E710FDC0073B655 /* instagram.xcdatamodel */ = {isa = PBXFileReference; lastKnownFileType = wrapper.xcdatamodel; path = instagram.xcdatamodel; sourceTree = "<group>"; };
		DE9971BA1E710FDC0073B655 /* Assets.xcassets */ = {isa = PBXFileReference; lastKnownFileType = folder.assetcatalog; path = Assets.xcassets; sourceTree = "<group>"; };
		DE9971BD1E710FDC0073B655 /* Base */ = {isa = PBXFileReference; lastKnownFileType = file.storyboard; name = Base; path = Base.lproj/LaunchScreen.storyboard; sourceTree = "<group>"; };
		DE9971BF1E710FDC0073B655 /* Info.plist */ = {isa = PBXFileReference; lastKnownFileType = text.plist.xml; path = Info.plist; sourceTree = "<group>"; };
		DE9971CC1E71146F0073B655 /* constants.swift */ = {isa = PBXFileReference; fileEncoding = 4; lastKnownFileType = sourcecode.swift; path = constants.swift; sourceTree = "<group>"; };
		DE9971CE1E7121FC0073B655 /* MainPageViewController.swift */ = {isa = PBXFileReference; fileEncoding = 4; lastKnownFileType = sourcecode.swift; path = MainPageViewController.swift; sourceTree = "<group>"; };
		DE9971D01E71284B0073B655 /* PhotoViewController.swift */ = {isa = PBXFileReference; fileEncoding = 4; lastKnownFileType = sourcecode.swift; path = PhotoViewController.swift; sourceTree = "<group>"; };
		DE9971D21E7128670073B655 /* FriendSearchViewController.swift */ = {isa = PBXFileReference; fileEncoding = 4; lastKnownFileType = sourcecode.swift; path = FriendSearchViewController.swift; sourceTree = "<group>"; };
		DE9971D51E71353C0073B655 /* PhotoTakingHelper.swift */ = {isa = PBXFileReference; fileEncoding = 4; lastKnownFileType = sourcecode.swift; path = PhotoTakingHelper.swift; sourceTree = "<group>"; };
		DE9971D71E721D1C0073B655 /* POST.swift */ = {isa = PBXFileReference; fileEncoding = 4; lastKnownFileType = sourcecode.swift; path = POST.swift; sourceTree = "<group>"; };
		E79B3EC325C0B9B25183E4DB /* Pods_instagram.framework */ = {isa = PBXFileReference; explicitFileType = wrapper.framework; includeInIndex = 0; path = Pods_instagram.framework; sourceTree = BUILT_PRODUCTS_DIR; };
/* End PBXFileReference section */

/* Begin PBXFrameworksBuildPhase section */
		DE9971AA1E710FDC0073B655 /* Frameworks */ = {
			isa = PBXFrameworksBuildPhase;
			buildActionMask = 2147483647;
			files = (
				7CE315C714B3558EDC7DF942 /* Pods_instagram.framework in Frameworks */,
			);
			runOnlyForDeploymentPostprocessing = 0;
		};
/* End PBXFrameworksBuildPhase section */

/* Begin PBXGroup section */
		5F9391C2FB452AB06CB46B7A /* Frameworks */ = {
			isa = PBXGroup;
			children = (
				E79B3EC325C0B9B25183E4DB /* Pods_instagram.framework */,
			);
			name = Frameworks;
			sourceTree = "<group>";
		};
		8915DE80900124340041FF36 /* Pods */ = {
			isa = PBXGroup;
			children = (
				CC0C41525577BF767DA83D1D /* Pods-instagram.debug.xcconfig */,
				CF890472B77A6625E5EE77AF /* Pods-instagram.release.xcconfig */,
			);
			name = Pods;
			sourceTree = "<group>";
		};
		DE9971A41E710FDC0073B655 = {
			isa = PBXGroup;
			children = (
				DE9971AF1E710FDC0073B655 /* instagram */,
				DE9971AE1E710FDC0073B655 /* Products */,
				8915DE80900124340041FF36 /* Pods */,
				5F9391C2FB452AB06CB46B7A /* Frameworks */,
			);
			sourceTree = "<group>";
		};
		DE9971AE1E710FDC0073B655 /* Products */ = {
			isa = PBXGroup;
			children = (
				DE9971AD1E710FDC0073B655 /* instagram.app */,
			);
			name = Products;
			sourceTree = "<group>";
		};
		DE9971AF1E710FDC0073B655 /* instagram */ = {
			isa = PBXGroup;
			children = (
				DE9971C91E71140C0073B655 /* View */,
				DE9971C81E7113EB0073B655 /* Delegate */,
				DE9971C61E7113AD0073B655 /* Model */,
				DE9971C51E7113930073B655 /* Controller */,
				DE9971BA1E710FDC0073B655 /* Assets.xcassets */,
				DE9971C71E7113B70073B655 /* Plist */,
			);
			path = instagram;
			sourceTree = "<group>";
		};
		DE9971C51E7113930073B655 /* Controller */ = {
			isa = PBXGroup;
			children = (
				DE9971D41E71347E0073B655 /* Helpers */,
				DE9971CB1E7114520073B655 /* Constants */,
				DE9971CE1E7121FC0073B655 /* MainPageViewController.swift */,
				DE9971D01E71284B0073B655 /* PhotoViewController.swift */,
				DE9971D21E7128670073B655 /* FriendSearchViewController.swift */,
			);
			name = Controller;
			sourceTree = "<group>";
		};
		DE9971C61E7113AD0073B655 /* Model */ = {
			isa = PBXGroup;
			children = (
				DE9971D71E721D1C0073B655 /* POST.swift */,
			);
			name = Model;
			sourceTree = "<group>";
		};
		DE9971C71E7113B70073B655 /* Plist */ = {
			isa = PBXGroup;
			children = (
				DE9971BC1E710FDC0073B655 /* LaunchScreen.storyboard */,
				DE9971B71E710FDC0073B655 /* instagram.xcdatamodeld */,
				DE9971BF1E710FDC0073B655 /* Info.plist */,
			);
			name = Plist;
			sourceTree = "<group>";
		};
		DE9971C81E7113EB0073B655 /* Delegate */ = {
			isa = PBXGroup;
			children = (
				DE9971B01E710FDC0073B655 /* AppDelegate.swift */,
			);
			name = Delegate;
			sourceTree = "<group>";
		};
		DE9971C91E71140C0073B655 /* View */ = {
			isa = PBXGroup;
			children = (
				DE9971B41E710FDC0073B655 /* Main.storyboard */,
			);
			name = View;
			sourceTree = "<group>";
		};
		DE9971CB1E7114520073B655 /* Constants */ = {
			isa = PBXGroup;
			children = (
				DE9971CC1E71146F0073B655 /* constants.swift */,
			);
			name = Constants;
			sourceTree = "<group>";
		};
		DE9971D41E71347E0073B655 /* Helpers */ = {
			isa = PBXGroup;
			children = (
				DE9971D51E71353C0073B655 /* PhotoTakingHelper.swift */,
			);
			name = Helpers;
			sourceTree = "<group>";
		};
/* End PBXGroup section */

/* Begin PBXNativeTarget section */
		DE9971AC1E710FDC0073B655 /* instagram */ = {
			isa = PBXNativeTarget;
			buildConfigurationList = DE9971C21E710FDC0073B655 /* Build configuration list for PBXNativeTarget "instagram" */;
			buildPhases = (
				4594ADEE4FBA343C4B79BB66 /* [CP] Check Pods Manifest.lock */,
				DE9971A91E710FDC0073B655 /* Sources */,
				DE9971AA1E710FDC0073B655 /* Frameworks */,
				DE9971AB1E710FDC0073B655 /* Resources */,
				EC1D0F6760DC20B514DDDED3 /* [CP] Embed Pods Frameworks */,
				A34DD483A44F8C3A31FD71AF /* [CP] Copy Pods Resources */,
			);
			buildRules = (
			);
			dependencies = (
			);
			name = instagram;
			productName = instagram;
			productReference = DE9971AD1E710FDC0073B655 /* instagram.app */;
			productType = "com.apple.product-type.application";
		};
/* End PBXNativeTarget section */

/* Begin PBXProject section */
		DE9971A51E710FDC0073B655 /* Project object */ = {
			isa = PBXProject;
			attributes = {
				LastSwiftUpdateCheck = 0820;
				LastUpgradeCheck = 0820;
				ORGANIZATIONNAME = "luis castill0";
				TargetAttributes = {
					DE9971AC1E710FDC0073B655 = {
						CreatedOnToolsVersion = 8.2.1;
						DevelopmentTeam = Y9R5463FG5;
						ProvisioningStyle = Automatic;
					};
				};
			};
			buildConfigurationList = DE9971A81E710FDC0073B655 /* Build configuration list for PBXProject "instagram" */;
			compatibilityVersion = "Xcode 3.2";
			developmentRegion = English;
			hasScannedForEncodings = 0;
			knownRegions = (
				en,
				Base,
			);
			mainGroup = DE9971A41E710FDC0073B655;
			productRefGroup = DE9971AE1E710FDC0073B655 /* Products */;
			projectDirPath = "";
			projectRoot = "";
			targets = (
				DE9971AC1E710FDC0073B655 /* instagram */,
			);
		};
/* End PBXProject section */

/* Begin PBXResourcesBuildPhase section */
		DE9971AB1E710FDC0073B655 /* Resources */ = {
			isa = PBXResourcesBuildPhase;
			buildActionMask = 2147483647;
			files = (
				DE9971BE1E710FDC0073B655 /* LaunchScreen.storyboard in Resources */,
				DE9971BB1E710FDC0073B655 /* Assets.xcassets in Resources */,
				DE9971B61E710FDC0073B655 /* Main.storyboard in Resources */,
			);
			runOnlyForDeploymentPostprocessing = 0;
		};
/* End PBXResourcesBuildPhase section */

/* Begin PBXShellScriptBuildPhase section */
		4594ADEE4FBA343C4B79BB66 /* [CP] Check Pods Manifest.lock */ = {
			isa = PBXShellScriptBuildPhase;
			buildActionMask = 2147483647;
			files = (
			);
			inputPaths = (
			);
			name = "[CP] Check Pods Manifest.lock";
			outputPaths = (
			);
			runOnlyForDeploymentPostprocessing = 0;
			shellPath = /bin/sh;
			shellScript = "diff \"${PODS_ROOT}/../Podfile.lock\" \"${PODS_ROOT}/Manifest.lock\" > /dev/null\nif [ $? != 0 ] ; then\n    # print error to STDERR\n    echo \"error: The sandbox is not in sync with the Podfile.lock. Run 'pod install' or update your CocoaPods installation.\" >&2\n    exit 1\nfi\n";
			showEnvVarsInLog = 0;
		};
		A34DD483A44F8C3A31FD71AF /* [CP] Copy Pods Resources */ = {
			isa = PBXShellScriptBuildPhase;
			buildActionMask = 2147483647;
			files = (
			);
			inputPaths = (
			);
			name = "[CP] Copy Pods Resources";
			outputPaths = (
			);
			runOnlyForDeploymentPostprocessing = 0;
			shellPath = /bin/sh;
			shellScript = "\"${SRCROOT}/Pods/Target Support Files/Pods-instagram/Pods-instagram-resources.sh\"\n";
			showEnvVarsInLog = 0;
		};
		EC1D0F6760DC20B514DDDED3 /* [CP] Embed Pods Frameworks */ = {
			isa = PBXShellScriptBuildPhase;
			buildActionMask = 2147483647;
			files = (
			);
			inputPaths = (
			);
			name = "[CP] Embed Pods Frameworks";
			outputPaths = (
			);
			runOnlyForDeploymentPostprocessing = 0;
			shellPath = /bin/sh;
			shellScript = "\"${SRCROOT}/Pods/Target Support Files/Pods-instagram/Pods-instagram-frameworks.sh\"\n";
			showEnvVarsInLog = 0;
		};
/* End PBXShellScriptBuildPhase section */

/* Begin PBXSourcesBuildPhase section */
		DE9971A91E710FDC0073B655 /* Sources */ = {
			isa = PBXSourcesBuildPhase;
			buildActionMask = 2147483647;
			files = (
				DE9971CF1E7121FC0073B655 /* MainPageViewController.swift in Sources */,
				DE9971B11E710FDC0073B655 /* AppDelegate.swift in Sources */,
				DE9971B91E710FDC0073B655 /* instagram.xcdatamodeld in Sources */,
				DE9971D81E721D1C0073B655 /* POST.swift in Sources */,
				DE9971CD1E71146F0073B655 /* constants.swift in Sources */,
				DE9971D61E71353C0073B655 /* PhotoTakingHelper.swift in Sources */,
				DE9971D31E7128670073B655 /* FriendSearchViewController.swift in Sources */,
				DE9971D11E71284B0073B655 /* PhotoViewController.swift in Sources */,
			);
			runOnlyForDeploymentPostprocessing = 0;
		};
/* End PBXSourcesBuildPhase section */

/* Begin PBXVariantGroup section */
		DE9971B41E710FDC0073B655 /* Main.storyboard */ = {
			isa = PBXVariantGroup;
			children = (
				DE9971B51E710FDC0073B655 /* Base */,
			);
			name = Main.storyboard;
			sourceTree = "<group>";
		};
		DE9971BC1E710FDC0073B655 /* LaunchScreen.storyboard */ = {
			isa = PBXVariantGroup;
			children = (
				DE9971BD1E710FDC0073B655 /* Base */,
			);
			name = LaunchScreen.storyboard;
			sourceTree = "<group>";
		};
/* End PBXVariantGroup section */

/* Begin XCBuildConfiguration section */
		DE9971C01E710FDC0073B655 /* Debug */ = {
			isa = XCBuildConfiguration;
			buildSettings = {
				ALWAYS_SEARCH_USER_PATHS = NO;
				CLANG_ANALYZER_NONNULL = YES;
				CLANG_CXX_LANGUAGE_STANDARD = "gnu++0x";
				CLANG_CXX_LIBRARY = "libc++";
				CLANG_ENABLE_MODULES = YES;
				CLANG_ENABLE_OBJC_ARC = YES;
				CLANG_WARN_BOOL_CONVERSION = YES;
				CLANG_WARN_CONSTANT_CONVERSION = YES;
				CLANG_WARN_DIRECT_OBJC_ISA_USAGE = YES_ERROR;
				CLANG_WARN_DOCUMENTATION_COMMENTS = YES;
				CLANG_WARN_EMPTY_BODY = YES;
				CLANG_WARN_ENUM_CONVERSION = YES;
				CLANG_WARN_INFINITE_RECURSION = YES;
				CLANG_WARN_INT_CONVERSION = YES;
				CLANG_WARN_OBJC_ROOT_CLASS = YES_ERROR;
				CLANG_WARN_SUSPICIOUS_MOVE = YES;
				CLANG_WARN_UNREACHABLE_CODE = YES;
				CLANG_WARN__DUPLICATE_METHOD_MATCH = YES;
				"CODE_SIGN_IDENTITY[sdk=iphoneos*]" = "iPhone Developer";
				COPY_PHASE_STRIP = NO;
				DEBUG_INFORMATION_FORMAT = dwarf;
				ENABLE_STRICT_OBJC_MSGSEND = YES;
				ENABLE_TESTABILITY = YES;
				GCC_C_LANGUAGE_STANDARD = gnu99;
				GCC_DYNAMIC_NO_PIC = NO;
				GCC_NO_COMMON_BLOCKS = YES;
				GCC_OPTIMIZATION_LEVEL = 0;
				GCC_PREPROCESSOR_DEFINITIONS = (
					"DEBUG=1",
					"$(inherited)",
				);
				GCC_WARN_64_TO_32_BIT_CONVERSION = YES;
				GCC_WARN_ABOUT_RETURN_TYPE = YES_ERROR;
				GCC_WARN_UNDECLARED_SELECTOR = YES;
				GCC_WARN_UNINITIALIZED_AUTOS = YES_AGGRESSIVE;
				GCC_WARN_UNUSED_FUNCTION = YES;
				GCC_WARN_UNUSED_VARIABLE = YES;
				IPHONEOS_DEPLOYMENT_TARGET = 10.2;
				MTL_ENABLE_DEBUG_INFO = YES;
				ONLY_ACTIVE_ARCH = YES;
				SDKROOT = iphoneos;
				SWIFT_ACTIVE_COMPILATION_CONDITIONS = DEBUG;
				SWIFT_OPTIMIZATION_LEVEL = "-Onone";
				TARGETED_DEVICE_FAMILY = "1,2";
			};
			name = Debug;
		};
		DE9971C11E710FDC0073B655 /* Release */ = {
			isa = XCBuildConfiguration;
			buildSettings = {
				ALWAYS_SEARCH_USER_PATHS = NO;
				CLANG_ANALYZER_NONNULL = YES;
				CLANG_CXX_LANGUAGE_STANDARD = "gnu++0x";
				CLANG_CXX_LIBRARY = "libc++";
				CLANG_ENABLE_MODULES = YES;
				CLANG_ENABLE_OBJC_ARC = YES;
				CLANG_WARN_BOOL_CONVERSION = YES;
				CLANG_WARN_CONSTANT_CONVERSION = YES;
				CLANG_WARN_DIRECT_OBJC_ISA_USAGE = YES_ERROR;
				CLANG_WARN_DOCUMENTATION_COMMENTS = YES;
				CLANG_WARN_EMPTY_BODY = YES;
				CLANG_WARN_ENUM_CONVERSION = YES;
				CLANG_WARN_INFINITE_RECURSION = YES;
				CLANG_WARN_INT_CONVERSION = YES;
				CLANG_WARN_OBJC_ROOT_CLASS = YES_ERROR;
				CLANG_WARN_SUSPICIOUS_MOVE = YES;
				CLANG_WARN_UNREACHABLE_CODE = YES;
				CLANG_WARN__DUPLICATE_METHOD_MATCH = YES;
				"CODE_SIGN_IDENTITY[sdk=iphoneos*]" = "iPhone Developer";
				COPY_PHASE_STRIP = NO;
				DEBUG_INFORMATION_FORMAT = "dwarf-with-dsym";
				ENABLE_NS_ASSERTIONS = NO;
				ENABLE_STRICT_OBJC_MSGSEND = YES;
				GCC_C_LANGUAGE_STANDARD = gnu99;
				GCC_NO_COMMON_BLOCKS = YES;
				GCC_WARN_64_TO_32_BIT_CONVERSION = YES;
				GCC_WARN_ABOUT_RETURN_TYPE = YES_ERROR;
				GCC_WARN_UNDECLARED_SELECTOR = YES;
				GCC_WARN_UNINITIALIZED_AUTOS = YES_AGGRESSIVE;
				GCC_WARN_UNUSED_FUNCTION = YES;
				GCC_WARN_UNUSED_VARIABLE = YES;
				IPHONEOS_DEPLOYMENT_TARGET = 10.2;
				MTL_ENABLE_DEBUG_INFO = NO;
				SDKROOT = iphoneos;
				SWIFT_OPTIMIZATION_LEVEL = "-Owholemodule";
				TARGETED_DEVICE_FAMILY = "1,2";
				VALIDATE_PRODUCT = YES;
			};
			name = Release;
		};
		DE9971C31E710FDC0073B655 /* Debug */ = {
			isa = XCBuildConfiguration;
			baseConfigurationReference = CC0C41525577BF767DA83D1D /* Pods-instagram.debug.xcconfig */;
			buildSettings = {
				ASSETCATALOG_COMPILER_APPICON_NAME = AppIcon;
				DEVELOPMENT_TEAM = Y9R5463FG5;
				INFOPLIST_FILE = instagram/Info.plist;
				LD_RUNPATH_SEARCH_PATHS = "$(inherited) @executable_path/Frameworks";
				PRODUCT_BUNDLE_IDENTIFIER = com.makeschool.instagram;
				PRODUCT_NAME = "$(TARGET_NAME)";
				SWIFT_VERSION = 3.0;
			};
			name = Debug;
		};
		DE9971C41E710FDC0073B655 /* Release */ = {
			isa = XCBuildConfiguration;
			baseConfigurationReference = CF890472B77A6625E5EE77AF /* Pods-instagram.release.xcconfig */;
			buildSettings = {
				ASSETCATALOG_COMPILER_APPICON_NAME = AppIcon;
				DEVELOPMENT_TEAM = Y9R5463FG5;
				INFOPLIST_FILE = instagram/Info.plist;
				LD_RUNPATH_SEARCH_PATHS = "$(inherited) @executable_path/Frameworks";
				PRODUCT_BUNDLE_IDENTIFIER = com.makeschool.instagram;
				PRODUCT_NAME = "$(TARGET_NAME)";
				SWIFT_VERSION = 3.0;
			};
			name = Release;
		};
/* End XCBuildConfiguration section */

/* Begin XCConfigurationList section */
		DE9971A81E710FDC0073B655 /* Build configuration list for PBXProject "instagram" */ = {
			isa = XCConfigurationList;
			buildConfigurations = (
				DE9971C01E710FDC0073B655 /* Debug */,
				DE9971C11E710FDC0073B655 /* Release */,
			);
			defaultConfigurationIsVisible = 0;
			defaultConfigurationName = Release;
		};
		DE9971C21E710FDC0073B655 /* Build configuration list for PBXNativeTarget "instagram" */ = {
			isa = XCConfigurationList;
			buildConfigurations = (
				DE9971C31E710FDC0073B655 /* Debug */,
				DE9971C41E710FDC0073B655 /* Release */,
			);
			defaultConfigurationIsVisible = 0;
			defaultConfigurationName = Release;
		};
/* End XCConfigurationList section */

/* Begin XCVersionGroup section */
		DE9971B71E710FDC0073B655 /* instagram.xcdatamodeld */ = {
			isa = XCVersionGroup;
			children = (
				DE9971B81E710FDC0073B655 /* instagram.xcdatamodel */,
			);
			currentVersion = DE9971B81E710FDC0073B655 /* instagram.xcdatamodel */;
			path = instagram.xcdatamodeld;
			sourceTree = "<group>";
			versionGroupType = wrapper.xcdatamodel;
		};
/* End XCVersionGroup section */
	};
	rootObject = DE9971A51E710FDC0073B655 /* Project object */;
}
